{
  "name": "marbles",
  "version": "0.0.1",
  "lockfileVersion": 1,
  "requires": true,
  "dependencies": {
    "planck-js": {
      "version": "0.3.22",
      "resolved": "https://registry.npmjs.org/planck-js/-/planck-js-0.3.22.tgz",
      "integrity": "sha512-aR7EeqPTdxnQJASk1DsS2ryRf1UCaHXR1F/VdKP2tJckXmwG4MHtTSQGKq9UcE1kZr5beFkgVLnBKBeq9u4ngA=="
    }
  }
}
